
Microsoft Visual Studio Solution File, Format Version 12.00
# Visual Studio Version 17
VisualStudioVersion = 17.14.36623.8 d17.14
MinimumVisualStudioVersion = 10.0.40219.1
Project("{FAE04EC0-301F-11D3-BF4B-00C04F79EFBC}") = "GOVI-FACTURA", "GOVI-FACTURA\GOVI-FACTURA.csproj", "{73287E7B-BAD5-47A7-BC71-BF3FA9D072F9}"
EndProject
Global
	GlobalSection(SolutionConfigurationPlatforms) = preSolution
		Debug|Any CPU = Debug|Any CPU
		Release|Any CPU = Release|Any CPU
	EndGlobalSection
	GlobalSection(ProjectConfigurationPlatforms) = postSolution
		{73287E7B-BAD5-47A7-BC71-BF3FA9D072F9}.Debug|Any CPU.ActiveCfg = Debug|Any CPU
		{73287E7B-BAD5-47A7-BC71-BF3FA9D072F9}.Debug|Any CPU.Build.0 = Debug|Any CPU
		{73287E7B-BAD5-47A7-BC71-BF3FA9D072F9}.Release|Any CPU.ActiveCfg = Release|Any CPU
		{73287E7B-BAD5-47A7-BC71-BF3FA9D072F9}.Release|Any CPU.Build.0 = Release|Any CPU
	EndGlobalSection
	GlobalSection(SolutionProperties) = preSolution
		HideSolutionNode = FALSE
	EndGlobalSection
	GlobalSection(ExtensibilityGlobals) = postSolution
		SolutionGuid = {E7C0CA0C-96D4-402F-8D01-688E50A5B144}
	EndGlobalSection
EndGlobal
